lockfileVersion: 5.4

specifiers:
  flv.js: ^1.6.2

dependencies:
  flv.js: 1.6.2

packages:

  /es6-promise/4.2.8:
    resolution: {integrity: sha512-HJDGx5daxeIvxdBxvG2cb9g4tEvwIk3i8+nhX0yGrYmZUzbkdg8QbDevheDB8gd0//uPj4c1EQua8Q+MViT0/w==}
    dev: false

  /flv.js/1.6.2:
    resolution: {integrity: sha512-xre4gUbX1MPtgQRKj2pxJENp/RnaHaxYvy3YToVVCrSmAWUu85b9mug6pTXF6zakUjNP2lFWZ1rkSX7gxhB/2A==}
    dependencies:
      es6-promise: 4.2.8
      webworkify-webpack: 2.1.5
    dev: false

  /webworkify-webpack/2.1.5:
    resolution: {integrity: sha512-2akF8FIyUvbiBBdD+RoHpoTbHMQF2HwjcxfDvgztAX5YwbZNyrtfUMgvfgFVsgDhDPVTlkbb5vyasqDHfIDPQw==}
    dev: false
