lockfileVersion: 5.3

specifiers:
  '@types/echarts': ^4.9.16
  echarts: ^5.3.3

dependencies:
  echarts: 5.3.3

devDependencies:
  '@types/echarts': 4.9.16

packages:

  /@types/echarts/4.9.16:
    resolution: {integrity: sha512-bfiagfPw3dWauAIJ9fgoJQoL4hLWlGcltqwbE6LGye0NIY5xnbZau+mDmadCzGojic3MWuFDCUiO25kl4sRGeA==}
    dependencies:
      '@types/zrender': 4.0.3
    dev: true

  /@types/zrender/4.0.3:
    resolution: {integrity: sha512-EPI269lkHNsObwILJ1k1z7znLjKyePuWRy/XKK0shSGpBb9cIX307arcwJV4+2NeZj5wEjN06r4D8yFv7sI06g==}
    dev: true

  /echarts/5.3.3:
    resolution: {integrity: sha512-BRw2serInRwO5SIwRviZ6Xgm5Lb7irgz+sLiFMmy/HOaf4SQ+7oYqxKzRHAKp4xHQ05AuHw1xvoQWJjDQq/FGw==}
    dependencies:
      tslib: mirrors.tencent.com/tslib/2.3.0
      zrender: 5.3.2
    dev: false

  /zrender/5.3.2:
    resolution: {integrity: sha512-8IiYdfwHj2rx0UeIGZGGU4WEVSDEdeVCaIg/fomejg1Xu6OifAL1GVzIPHg2D+MyUkbNgPWji90t0a8IDk+39w==}
    dependencies:
      tslib: mirrors.tencent.com/tslib/2.3.0
    dev: false

  mirrors.tencent.com/tslib/2.3.0:
    resolution: {integrity: sha512-N82ooyxVNm6h1riLCoyS9e3fuJ3AMG2zIZs2Gd1ATcSFjSA23Q0fzjjZeh0jbJvWVDZ0cJT8yaNNaaXHzueNjg==, registry: https://mirrors.cloud.tencent.com/npm/, tarball: https://mirrors.tencent.com/npm/tslib/-/tslib-2.3.0.tgz}
    name: tslib
    version: 2.3.0
    dev: false
