lockfileVersion: 5.4

specifiers:
  echarts-liquidfill: ^3.1.0

dependencies:
  echarts-liquidfill: mirrors.tencent.com/echarts-liquidfill/3.1.0_echarts@5.4.0

packages:

  /echarts/5.4.0:
    resolution: {integrity: sha512-uPsO9VRUIKAdFOoH3B0aNg7NRVdN7aM39/OjovjO9MwmWsAkfGyeXJhK+dbRi51iDrQWliXV60/XwLA7kg3z0w==}
    dependencies:
      tslib: 2.3.0
      zrender: 5.4.0
    dev: false

  /tslib/2.3.0:
    resolution: {integrity: sha512-N82ooyxVNm6h1riLCoyS9e3fuJ3AMG2zIZs2Gd1ATcSFjSA23Q0fzjjZeh0jbJvWVDZ0cJT8yaNNaaXHzueNjg==}
    dev: false

  /zrender/5.4.0:
    resolution: {integrity: sha512-rOS09Z2HSVGFs2dn/TuYk5BlCaZcVe8UDLLjj1ySYF828LATKKdxuakSZMvrDz54yiKPDYVfjdKqcX8Jky3BIA==}
    dependencies:
      tslib: 2.3.0
    dev: false

  mirrors.tencent.com/echarts-liquidfill/3.1.0_echarts@5.4.0:
    resolution: {integrity: sha512-5Dlqs/jTsdTUAsd+K5LPLLTgrbbNORUSBQyk8PSy1Mg2zgHDWm83FmvA4s0ooNepCJojFYRITTQ4GU1UUSKYLw==, registry: https://mirrors.cloud.tencent.com/npm/, tarball: https://mirrors.tencent.com/npm/echarts-liquidfill/-/echarts-liquidfill-3.1.0.tgz}
    id: mirrors.tencent.com/echarts-liquidfill/3.1.0
    name: echarts-liquidfill
    version: 3.1.0
    peerDependencies:
      echarts: ^5.0.1
    dependencies:
      echarts: 5.4.0
    dev: false
